
Microsoft Visual Studio Solution File, Format Version 12.00
# Visual Studio Version 17
VisualStudioVersion = 17.8.34004.107
MinimumVisualStudioVersion = 10.0.40219.1
Project("{00D1A9C2-B5F0-4AF3-8072-F6C62B433612}") = "PointOfSaleDb", "PointOfSaleDb\PointOfSaleDb.sqlproj", "{5F4DFB61-722B-4607-936B-F0E0DCBCD1F9}"
EndProject
Project("{FAE04EC0-301F-11D3-BF4B-00C04F79EFBC}") = "PointOfSale.DataAccess", "PointOfSale.DataAccess\PointOfSale.DataAccess.csproj", "{53488AD6-F44D-482B-A6BD-AA4C150F59CE}"
EndProject
Project("{FAE04EC0-301F-11D3-BF4B-00C04F79EFBC}") = "PointOfSale.Api", "PointOfSale.Api\PointOfSale.Api.csproj", "{29930755-B262-44EA-9E50-95B74BCC77F4}"
EndProject
Global
	GlobalSection(SolutionConfigurationPlatforms) = preSolution
		Debug|Any CPU = Debug|Any CPU
		Release|Any CPU = Release|Any CPU
	EndGlobalSection
	GlobalSection(ProjectConfigurationPlatforms) = postSolution
		{5F4DFB61-722B-4607-936B-F0E0DCBCD1F9}.Debug|Any CPU.ActiveCfg = Debug|Any CPU
		{5F4DFB61-722B-4607-936B-F0E0DCBCD1F9}.Debug|Any CPU.Build.0 = Debug|Any CPU
		{5F4DFB61-722B-4607-936B-F0E0DCBCD1F9}.Debug|Any CPU.Deploy.0 = Debug|Any CPU
		{5F4DFB61-722B-4607-936B-F0E0DCBCD1F9}.Release|Any CPU.ActiveCfg = Release|Any CPU
		{5F4DFB61-722B-4607-936B-F0E0DCBCD1F9}.Release|Any CPU.Build.0 = Release|Any CPU
		{5F4DFB61-722B-4607-936B-F0E0DCBCD1F9}.Release|Any CPU.Deploy.0 = Release|Any CPU
		{53488AD6-F44D-482B-A6BD-AA4C150F59CE}.Debug|Any CPU.ActiveCfg = Debug|Any CPU
		{53488AD6-F44D-482B-A6BD-AA4C150F59CE}.Debug|Any CPU.Build.0 = Debug|Any CPU
		{53488AD6-F44D-482B-A6BD-AA4C150F59CE}.Release|Any CPU.ActiveCfg = Release|Any CPU
		{53488AD6-F44D-482B-A6BD-AA4C150F59CE}.Release|Any CPU.Build.0 = Release|Any CPU
		{29930755-B262-44EA-9E50-95B74BCC77F4}.Debug|Any CPU.ActiveCfg = Debug|Any CPU
		{29930755-B262-44EA-9E50-95B74BCC77F4}.Debug|Any CPU.Build.0 = Debug|Any CPU
		{29930755-B262-44EA-9E50-95B74BCC77F4}.Release|Any CPU.ActiveCfg = Release|Any CPU
		{29930755-B262-44EA-9E50-95B74BCC77F4}.Release|Any CPU.Build.0 = Release|Any CPU
	EndGlobalSection
	GlobalSection(SolutionProperties) = preSolution
		HideSolutionNode = FALSE
	EndGlobalSection
	GlobalSection(ExtensibilityGlobals) = postSolution
		SolutionGuid = {B2224EA2-02D7-492A-A379-BBB899A6CF1F}
	EndGlobalSection
EndGlobal
